
Microsoft Visual Studio Solution File, Format Version 12.00
# Visual Studio Version 16
VisualStudioVersion = 16.0.30204.135
MinimumVisualStudioVersion = 10.0.40219.1
Project("{FAE04EC0-301F-11D3-BF4B-00C04F79EFBC}") = "app", "app\app.csproj", "{CF90D484-6139-4451-82ED-70D1CBBCB692}"
EndProject
Project("{9A19103F-16F7-4668-BE54-9A1E7A4F7556}") = "backEnd", "..\backEnd\backEnd\backEnd.csproj", "{7ED429D0-CD36-4ACA-ABD5-90F8F6750D9E}"
EndProject
Global
	GlobalSection(SolutionConfigurationPlatforms) = preSolution
		Debug|Any CPU = Debug|Any CPU
		Release|Any CPU = Release|Any CPU
	EndGlobalSection
	GlobalSection(ProjectConfigurationPlatforms) = postSolution
		{CF90D484-6139-4451-82ED-70D1CBBCB692}.Debug|Any CPU.ActiveCfg = Debug|Any CPU
		{CF90D484-6139-4451-82ED-70D1CBBCB692}.Debug|Any CPU.Build.0 = Debug|Any CPU
		{CF90D484-6139-4451-82ED-70D1CBBCB692}.Release|Any CPU.ActiveCfg = Release|Any CPU
		{CF90D484-6139-4451-82ED-70D1CBBCB692}.Release|Any CPU.Build.0 = Release|Any CPU
		{7ED429D0-CD36-4ACA-ABD5-90F8F6750D9E}.Debug|Any CPU.ActiveCfg = Debug|Any CPU
		{7ED429D0-CD36-4ACA-ABD5-90F8F6750D9E}.Debug|Any CPU.Build.0 = Debug|Any CPU
		{7ED429D0-CD36-4ACA-ABD5-90F8F6750D9E}.Release|Any CPU.ActiveCfg = Release|Any CPU
		{7ED429D0-CD36-4ACA-ABD5-90F8F6750D9E}.Release|Any CPU.Build.0 = Release|Any CPU
	EndGlobalSection
	GlobalSection(SolutionProperties) = preSolution
		HideSolutionNode = FALSE
	EndGlobalSection
	GlobalSection(ExtensibilityGlobals) = postSolution
		SolutionGuid = {853941A0-93E5-4539-9022-2D37DB69DAA9}
	EndGlobalSection
EndGlobal
